
Microsoft Visual Studio Solution File, Format Version 12.00
# Visual Studio Version 16
VisualStudioVersion = 16.0.31613.86
MinimumVisualStudioVersion = 10.0.40219.1
Project("{FAE04EC0-301F-11D3-BF4B-00C04F79EFBC}") = "EvernoteClone", "EvernoteClone\EvernoteClone.csproj", "{7265FE2C-9638-4AFE-ABF0-524EFDAFB94F}"
EndProject
Global
	GlobalSection(SolutionConfigurationPlatforms) = preSolution
		Debug|Any CPU = Debug|Any CPU
		Release|Any CPU = Release|Any CPU
	EndGlobalSection
	GlobalSection(ProjectConfigurationPlatforms) = postSolution
		{7265FE2C-9638-4AFE-ABF0-524EFDAFB94F}.Debug|Any CPU.ActiveCfg = Debug|Any CPU
		{7265FE2C-9638-4AFE-ABF0-524EFDAFB94F}.Debug|Any CPU.Build.0 = Debug|Any CPU
		{7265FE2C-9638-4AFE-ABF0-524EFDAFB94F}.Release|Any CPU.ActiveCfg = Release|Any CPU
		{7265FE2C-9638-4AFE-ABF0-524EFDAFB94F}.Release|Any CPU.Build.0 = Release|Any CPU
	EndGlobalSection
	GlobalSection(SolutionProperties) = preSolution
		HideSolutionNode = FALSE
	EndGlobalSection
	GlobalSection(ExtensibilityGlobals) = postSolution
		SolutionGuid = {DE4BD71F-32C1-469C-8022-4CA9F84DB232}
	EndGlobalSection
EndGlobal
